
Microsoft Visual Studio Solution File, Format Version 12.00
# Visual Studio Version 16
VisualStudioVersion = 16.0.31005.135
MinimumVisualStudioVersion = 10.0.40219.1
Project("{9A19103F-16F7-4668-BE54-9A1E7A4F7556}") = "GeneratePdfHttpFunction", "GeneratePdfHttpFunction\GeneratePdfHttpFunction.csproj", "{72CECB8E-DE72-467A-B492-5C49D1143919}"
EndProject
Global
	GlobalSection(SolutionConfigurationPlatforms) = preSolution
		Debug|Any CPU = Debug|Any CPU
		Release|Any CPU = Release|Any CPU
	EndGlobalSection
	GlobalSection(ProjectConfigurationPlatforms) = postSolution
		{72CECB8E-DE72-467A-B492-5C49D1143919}.Debug|Any CPU.ActiveCfg = Debug|Any CPU
		{72CECB8E-DE72-467A-B492-5C49D1143919}.Debug|Any CPU.Build.0 = Debug|Any CPU
		{72CECB8E-DE72-467A-B492-5C49D1143919}.Release|Any CPU.ActiveCfg = Release|Any CPU
		{72CECB8E-DE72-467A-B492-5C49D1143919}.Release|Any CPU.Build.0 = Release|Any CPU
	EndGlobalSection
	GlobalSection(SolutionProperties) = preSolution
		HideSolutionNode = FALSE
	EndGlobalSection
	GlobalSection(ExtensibilityGlobals) = postSolution
		SolutionGuid = {A30B23B6-8CA1-4064-AB5D-9C0DF9147BDF}
	EndGlobalSection
EndGlobal
